{
  "name": "jsfwk-html-to-js-transpiller",
  "version": "0.9.9",
  "lockfileVersion": 1,
  "requires": true,
  "dependencies": {
    "char-props": {
      "version": "0.1.5",
      "resolved": "https://registry.npmjs.org/char-props/-/char-props-0.1.5.tgz",
      "integrity": "sha1-W5UvniDqIc0Iyn/hNaEPb+kcEJ4="
    },
    "complain": {
      "version": "1.2.0",
      "resolved": "https://registry.npmjs.org/complain/-/complain-1.2.0.tgz",
      "integrity": "sha512-aP/MxFoYYVUZ8Xdih1vyaTSRiD99XLnlCloNre/UjFQFJkZ6YuMbGksi0jfxKeFOdlzm/6eE01vpJc99HiN/Mg==",
      "requires": {
        "error-stack-parser": "2.0.1"
      }
    },
    "error-stack-parser": {
      "version": "2.0.1",
      "resolved": "https://registry.npmjs.org/error-stack-parser/-/error-stack-parser-2.0.1.tgz",
      "integrity": "sha1-oyArj7AxFKqbQKDjZp5IsrZaAQo=",
      "requires": {
        "stackframe": "1.0.4"
      }
    },
    "htmljs-parser": {
      "version": "2.3.2",
      "resolved": "https://registry.npmjs.org/htmljs-parser/-/htmljs-parser-2.3.2.tgz",
      "integrity": "sha1-HMW/mCSgkcKIILM+r3gIOo6qhWw=",
      "requires": {
        "char-props": "0.1.5",
        "complain": "1.2.0"
      }
    },
    "stackframe": {
      "version": "1.0.4",
      "resolved": "https://registry.npmjs.org/stackframe/-/stackframe-1.0.4.tgz",
      "integrity": "sha512-to7oADIniaYwS3MhtCa/sQhrxidCCQiF/qp4/m5iN3ipf0Y7Xlri0f6eG29r08aL7JYl8n32AF3Q5GYBZ7K8vw=="
    }
  }
}
